<?xml version="1.0" encoding="utf-8"?>
<Project ToolsVersion="4.0" xmlns="http://schemas.microsoft.com/developer/msbuild/2003">
  <ItemGroup>
    <Filter Include="Form Files">
      <UniqueIdentifier>{99349809-55BA-4b9d-BF79-8FDBB0286EB3}</UniqueIdentifier>
      <Extensions>ui</Extensions>
    </Filter>
    <Filter Include="Resource Files">
      <UniqueIdentifier>{D9D6E242-F8AF-46E4-B9FD-80ECBC20BA3E}</UniqueIdentifier>
      <Extensions>qrc;*</Extensions>
      <ParseFiles>false</ParseFiles>
    </Filter>
    <Filter Include="Generated Files">
      <UniqueIdentifier>{71ED8ED8-ACB9-4CE9-BBE1-E00B30144E11}</UniqueIdentifier>
      <Extensions>moc;h;cpp</Extensions>
      <SourceControlFiles>False</SourceControlFiles>
    </Filter>
    <Filter Include="Generated Files\Debug">
      <UniqueIdentifier>{327895b1-8379-434f-b450-e7bf74b4356f}</UniqueIdentifier>
      <Extensions>cpp;moc</Extensions>
      <SourceControlFiles>False</SourceControlFiles>
    </Filter>
    <Filter Include="Generated Files\Release">
      <UniqueIdentifier>{eed31645-c4be-4b7b-829f-68be738df19b}</UniqueIdentifier>
      <Extensions>cpp;moc</Extensions>
      <SourceControlFiles>False</SourceControlFiles>
    </Filter>
    <Filter Include="Classes">
      <UniqueIdentifier>{17f43d32-3d52-4f81-a79b-5c378cf11cab}</UniqueIdentifier>
    </Filter>
    <Filter Include="Classes\GUI">
      <UniqueIdentifier>{15ffc5c0-6637-429b-a9e5-8e51fd3d7d3e}</UniqueIdentifier>
    </Filter>
    <Filter Include="Classes\Speech">
      <UniqueIdentifier>{93c90686-a614-4e94-a725-c05d80a8ecf2}</UniqueIdentifier>
    </Filter>
  </ItemGroup>
  <ItemGroup>
    <ClCompile Include="GeneratedFiles\Debug\moc_mainwindow.cpp">
      <Filter>Generated Files\Debug</Filter>
    </ClCompile>
    <ClCompile Include="GeneratedFiles\Release\moc_mainwindow.cpp">
      <Filter>Generated Files\Release</Filter>
    </ClCompile>
    <ClCompile Include="GeneratedFiles\qrc_mainwindow.cpp">
      <Filter>Generated Files</Filter>
    </ClCompile>
    <ClCompile Include="main.cpp" />
    <ClCompile Include="mainwindow.cpp" />
    <ClCompile Include="..\..\Classes\Defaults.cpp">
      <Filter>Classes</Filter>
    </ClCompile>
    <ClCompile Include="..\..\Classes\Speech\Speaker.cpp">
      <Filter>Classes\Speech</Filter>
    </ClCompile>
    <ClCompile Include="..\..\Classes\GUI\BackgroundWidget.cpp">
      <Filter>Classes\GUI</Filter>
    </ClCompile>
    <ClCompile Include="..\..\Classes\GUI\CentralWidget.cpp">
      <Filter>Classes\GUI</Filter>
    </ClCompile>
  </ItemGroup>
  <ItemGroup>
    <CustomBuild Include="mainwindow.ui">
      <Filter>Form Files</Filter>
    </CustomBuild>
    <CustomBuild Include="mainwindow.qrc">
      <Filter>Resource Files</Filter>
    </CustomBuild>
    <CustomBuild Include="mainwindow.h" />
  </ItemGroup>
  <ItemGroup>
    <ClInclude Include="GeneratedFiles\ui_mainwindow.h" />
    <ClInclude Include="..\..\Classes\Defaults.h">
      <Filter>Classes</Filter>
    </ClInclude>
    <ClInclude Include="..\..\Classes\Speech\Speaker.h">
      <Filter>Classes\Speech</Filter>
    </ClInclude>
    <ClInclude Include="..\..\Classes\Speech\tx.h">
      <Filter>Classes\Speech</Filter>
    </ClInclude>
    <ClInclude Include="..\..\Classes\GUI\BackgroundWidget.h">
      <Filter>Classes\GUI</Filter>
    </ClInclude>
    <ClInclude Include="..\..\Classes\GUI\CentralWidget.h">
      <Filter>Classes\GUI</Filter>
    </ClInclude>
  </ItemGroup>
</Project>