<?xml version="1.0" encoding="utf-8"?>
<Project ToolsVersion="4.0" xmlns="http://schemas.microsoft.com/developer/msbuild/2003">
  <ItemGroup>
    <Filter Include="Resource Files">
      <UniqueIdentifier>{67DA6AB6-F800-4c08-8B7A-83BB121AAD01}</UniqueIdentifier>
      <Extensions>rc;ico;cur;bmp;dlg;rc2;rct;bin;rgs;gif;jpg;jpeg;jpe;resx;tiff;tif;png;wav;mfcribbon-ms</Extensions>
    </Filter>
    <Filter Include="Classes">
      <UniqueIdentifier>{b30f0a7d-abf1-416c-883e-db99952aa8f5}</UniqueIdentifier>
    </Filter>
    <Filter Include="Classes\GUI">
      <UniqueIdentifier>{1cbda874-e7e9-4fe1-90e9-b8a58d4fb30b}</UniqueIdentifier>
    </Filter>
    <Filter Include="Classes\Speech">
      <UniqueIdentifier>{2f378ad4-ba93-4999-97da-9c49899c5208}</UniqueIdentifier>
    </Filter>
    <Filter Include="proj.win32">
      <UniqueIdentifier>{4FC737F1-C7A5-4376-A066-2A32D752A2FF}</UniqueIdentifier>
      <Extensions>cpp;c;cc;cxx;def;odl;idl;hpj;bat;asm;asmx</Extensions>
    </Filter>
  </ItemGroup>
  <ItemGroup>
    <ClCompile Include="main.cpp">
      <Filter>proj.win32</Filter>
    </ClCompile>
    <ClCompile Include="..\..\Classes\Defaults.cpp">
      <Filter>Classes</Filter>
    </ClCompile>
    <ClCompile Include="..\..\Classes\Speech\Speaker.cpp">
      <Filter>Classes\Speech</Filter>
    </ClCompile>
    <ClCompile Include="..\..\Classes\GUI\Background.cpp">
      <Filter>Classes\GUI</Filter>
    </ClCompile>
    <ClCompile Include="..\..\Classes\GUI\CentralPanel.cpp">
      <Filter>Classes\GUI</Filter>
    </ClCompile>
    <ClCompile Include="..\..\Classes\GUI\RhombusWheel.cpp">
      <Filter>Classes\GUI</Filter>
    </ClCompile>
  </ItemGroup>
  <ItemGroup>
    <ClInclude Include="..\..\Classes\Defaults.h">
      <Filter>Classes</Filter>
    </ClInclude>
    <ClInclude Include="..\..\Classes\Speech\Speaker.h">
      <Filter>Classes\Speech</Filter>
    </ClInclude>
    <ClInclude Include="..\..\Classes\Speech\tx.h">
      <Filter>Classes\Speech</Filter>
    </ClInclude>
    <ClInclude Include="..\..\Classes\GUI\Background.h">
      <Filter>Classes\GUI</Filter>
    </ClInclude>
    <ClInclude Include="..\..\Classes\GUI\CentralPanel.h">
      <Filter>Classes\GUI</Filter>
    </ClInclude>
    <ClInclude Include="..\..\Classes\GUI\RhombusWheel.h">
      <Filter>Classes\GUI</Filter>
    </ClInclude>
  </ItemGroup>
</Project>